
Microsoft Visual Studio Solution File, Format Version 12.00
# Visual Studio 15
VisualStudioVersion = 15.0.28307.2092
MinimumVisualStudioVersion = 10.0.40219.1
Project("{8BC9CEB8-8B4A-11D0-8D11-00A0C91BC942}") = "P05", "P05\P05.vcxproj", "{19686DFE-A7DA-4A59-B6CC-368E66553980}"
EndProject
Global
	GlobalSection(SolutionConfigurationPlatforms) = preSolution
		Debug|x64 = Debug|x64
		Debug|x86 = Debug|x86
		Release|x64 = Release|x64
		Release|x86 = Release|x86
	EndGlobalSection
	GlobalSection(ProjectConfigurationPlatforms) = postSolution
		{19686DFE-A7DA-4A59-B6CC-368E66553980}.Debug|x64.ActiveCfg = Debug|x64
		{19686DFE-A7DA-4A59-B6CC-368E66553980}.Debug|x64.Build.0 = Debug|x64
		{19686DFE-A7DA-4A59-B6CC-368E66553980}.Debug|x86.ActiveCfg = Debug|Win32
		{19686DFE-A7DA-4A59-B6CC-368E66553980}.Debug|x86.Build.0 = Debug|Win32
		{19686DFE-A7DA-4A59-B6CC-368E66553980}.Release|x64.ActiveCfg = Release|x64
		{19686DFE-A7DA-4A59-B6CC-368E66553980}.Release|x64.Build.0 = Release|x64
		{19686DFE-A7DA-4A59-B6CC-368E66553980}.Release|x86.ActiveCfg = Release|Win32
		{19686DFE-A7DA-4A59-B6CC-368E66553980}.Release|x86.Build.0 = Release|Win32
	EndGlobalSection
	GlobalSection(SolutionProperties) = preSolution
		HideSolutionNode = FALSE
	EndGlobalSection
	GlobalSection(ExtensibilityGlobals) = postSolution
		SolutionGuid = {24FD34CB-4D4E-4648-9F0E-CB9F8CE4A1AF}
	EndGlobalSection
EndGlobal
